// !$*UTF8*$!
{
	archiveVersion = 1;
	classes = {
	};
	objectVersion = 48;
	objects = {

/* Begin PBXBuildFile section */
		40258864202A77CA00C98B63 /* AddTopicViewController.swift in Sources */ = {isa = PBXBuildFile; fileRef = 40258863202A77CA00C98B63 /* AddTopicViewController.swift */; };
		406BB64F202910A8002504B1 /* SettingsCollectionViewCell.swift in Sources */ = {isa = PBXBuildFile; fileRef = 406BB64E202910A8002504B1 /* SettingsCollectionViewCell.swift */; };
		407E3752202800600026429E /* DetailsViewController.swift in Sources */ = {isa = PBXBuildFile; fileRef = 407E3751202800600026429E /* DetailsViewController.swift */; };
		40FC2BE0202767210008290F /* AppDelegate.swift in Sources */ = {isa = PBXBuildFile; fileRef = 40FC2BDF202767210008290F /* AppDelegate.swift */; };
		40FC2BE2202767210008290F /* ViewController.swift in Sources */ = {isa = PBXBuildFile; fileRef = 40FC2BE1202767210008290F /* ViewController.swift */; };
		40FC2BE5202767210008290F /* Main.storyboard in Resources */ = {isa = PBXBuildFile; fileRef = 40FC2BE3202767210008290F /* Main.storyboard */; };
		40FC2BE7202767210008290F /* Assets.xcassets in Resources */ = {isa = PBXBuildFile; fileRef = 40FC2BE6202767210008290F /* Assets.xcassets */; };
		40FC2BEA202767210008290F /* LaunchScreen.storyboard in Resources */ = {isa = PBXBuildFile; fileRef = 40FC2BE8202767210008290F /* LaunchScreen.storyboard */; };
		40FC2BF5202767210008290F /* DevNewsUITests.swift in Sources */ = {isa = PBXBuildFile; fileRef = 40FC2BF4202767210008290F /* DevNewsUITests.swift */; };
		40FC2C00202769BC0008290F /* GradientView.swift in Sources */ = {isa = PBXBuildFile; fileRef = 40FC2BFF202769BC0008290F /* GradientView.swift */; };
		40FC2C02202779860008290F /* MainViewController.swift in Sources */ = {isa = PBXBuildFile; fileRef = 40FC2C01202779860008290F /* MainViewController.swift */; };
		40FC2C042027973B0008290F /* ArticleCollectionViewCell.swift in Sources */ = {isa = PBXBuildFile; fileRef = 40FC2C032027973B0008290F /* ArticleCollectionViewCell.swift */; };
		B13D6C1C6BF81F7FB04916C6 /* Pods_DevNews.framework in Frameworks */ = {isa = PBXBuildFile; fileRef = EBAF2CF81968315AA4FCF506 /* Pods_DevNews.framework */; };
		E9B661751BF341292AD3D0B9 /* Pods_DevNewsUITests.framework in Frameworks */ = {isa = PBXBuildFile; fileRef = 4593598CDE34ECF2E7939235 /* Pods_DevNewsUITests.framework */; };
/* End PBXBuildFile section */

/* Begin PBXContainerItemProxy section */
		40FC2BF1202767210008290F /* PBXContainerItemProxy */ = {
			isa = PBXContainerItemProxy;
			containerPortal = 40FC2BD4202767210008290F /* Project object */;
			proxyType = 1;
			remoteGlobalIDString = 40FC2BDB202767210008290F;
			remoteInfo = DevNews;
		};
/* End PBXContainerItemProxy section */

/* Begin PBXFileReference section */
		40258863202A77CA00C98B63 /* AddTopicViewController.swift */ = {isa = PBXFileReference; lastKnownFileType = sourcecode.swift; path = AddTopicViewController.swift; sourceTree = "<group>"; };
		406BB64E202910A8002504B1 /* SettingsCollectionViewCell.swift */ = {isa = PBXFileReference; lastKnownFileType = sourcecode.swift; path = SettingsCollectionViewCell.swift; sourceTree = "<group>"; };
		407E3751202800600026429E /* DetailsViewController.swift */ = {isa = PBXFileReference; lastKnownFileType = sourcecode.swift; path = DetailsViewController.swift; sourceTree = "<group>"; };
		40FC2BDC202767210008290F /* DevNews.app */ = {isa = PBXFileReference; explicitFileType = wrapper.application; includeInIndex = 0; path = DevNews.app; sourceTree = BUILT_PRODUCTS_DIR; };
		40FC2BDF202767210008290F /* AppDelegate.swift */ = {isa = PBXFileReference; lastKnownFileType = sourcecode.swift; path = AppDelegate.swift; sourceTree = "<group>"; };
		40FC2BE1202767210008290F /* ViewController.swift */ = {isa = PBXFileReference; lastKnownFileType = sourcecode.swift; path = ViewController.swift; sourceTree = "<group>"; };
		40FC2BE4202767210008290F /* Base */ = {isa = PBXFileReference; lastKnownFileType = file.storyboard; name = Base; path = Base.lproj/Main.storyboard; sourceTree = "<group>"; };
		40FC2BE6202767210008290F /* Assets.xcassets */ = {isa = PBXFileReference; lastKnownFileType = folder.assetcatalog; path = Assets.xcassets; sourceTree = "<group>"; };
		40FC2BE9202767210008290F /* Base */ = {isa = PBXFileReference; lastKnownFileType = file.storyboard; name = Base; path = Base.lproj/LaunchScreen.storyboard; sourceTree = "<group>"; };
		40FC2BEB202767210008290F /* Info.plist */ = {isa = PBXFileReference; lastKnownFileType = text.plist.xml; path = Info.plist; sourceTree = "<group>"; };
		40FC2BF0202767210008290F /* DevNewsUITests.xctest */ = {isa = PBXFileReference; explicitFileType = wrapper.cfbundle; includeInIndex = 0; path = DevNewsUITests.xctest; sourceTree = BUILT_PRODUCTS_DIR; };
		40FC2BF4202767210008290F /* DevNewsUITests.swift */ = {isa = PBXFileReference; lastKnownFileType = sourcecode.swift; path = DevNewsUITests.swift; sourceTree = "<group>"; };
		40FC2BF6202767210008290F /* Info.plist */ = {isa = PBXFileReference; lastKnownFileType = text.plist.xml; path = Info.plist; sourceTree = "<group>"; };
		40FC2BFF202769BC0008290F /* GradientView.swift */ = {isa = PBXFileReference; lastKnownFileType = sourcecode.swift; path = GradientView.swift; sourceTree = "<group>"; };
		40FC2C01202779860008290F /* MainViewController.swift */ = {isa = PBXFileReference; lastKnownFileType = sourcecode.swift; path = MainViewController.swift; sourceTree = "<group>"; };
		40FC2C032027973B0008290F /* ArticleCollectionViewCell.swift */ = {isa = PBXFileReference; lastKnownFileType = sourcecode.swift; path = ArticleCollectionViewCell.swift; sourceTree = "<group>"; };
		4593598CDE34ECF2E7939235 /* Pods_DevNewsUITests.framework */ = {isa = PBXFileReference; explicitFileType = wrapper.framework; includeInIndex = 0; path = Pods_DevNewsUITests.framework; sourceTree = BUILT_PRODUCTS_DIR; };
		7450016E950B9FA02DB7335B /* Pods-DevNewsUITests.debug.xcconfig */ = {isa = PBXFileReference; includeInIndex = 1; lastKnownFileType = text.xcconfig; name = "Pods-DevNewsUITests.debug.xcconfig"; path = "Pods/Target Support Files/Pods-DevNewsUITests/Pods-DevNewsUITests.debug.xcconfig"; sourceTree = "<group>"; };
		87780BA8926F1E1CC566E6C9 /* Pods-DevNews.release.xcconfig */ = {isa = PBXFileReference; includeInIndex = 1; lastKnownFileType = text.xcconfig; name = "Pods-DevNews.release.xcconfig"; path = "Pods/Target Support Files/Pods-DevNews/Pods-DevNews.release.xcconfig"; sourceTree = "<group>"; };
		BAD0C458EBA20F0889E55031 /* Pods-DevNews.debug.xcconfig */ = {isa = PBXFileReference; includeInIndex = 1; lastKnownFileType = text.xcconfig; name = "Pods-DevNews.debug.xcconfig"; path = "Pods/Target Support Files/Pods-DevNews/Pods-DevNews.debug.xcconfig"; sourceTree = "<group>"; };
		E5F8753790E510AC6B024A21 /* Pods-DevNewsUITests.release.xcconfig */ = {isa = PBXFileReference; includeInIndex = 1; lastKnownFileType = text.xcconfig; name = "Pods-DevNewsUITests.release.xcconfig"; path = "Pods/Target Support Files/Pods-DevNewsUITests/Pods-DevNewsUITests.release.xcconfig"; sourceTree = "<group>"; };
		EBAF2CF81968315AA4FCF506 /* Pods_DevNews.framework */ = {isa = PBXFileReference; explicitFileType = wrapper.framework; includeInIndex = 0; path = Pods_DevNews.framework; sourceTree = BUILT_PRODUCTS_DIR; };
/* End PBXFileReference section */

/* Begin PBXFrameworksBuildPhase section */
		40FC2BD9202767210008290F /* Frameworks */ = {
			isa = PBXFrameworksBuildPhase;
			buildActionMask = 2147483647;
			files = (
				B13D6C1C6BF81F7FB04916C6 /* Pods_DevNews.framework in Frameworks */,
			);
			runOnlyForDeploymentPostprocessing = 0;
		};
		40FC2BED202767210008290F /* Frameworks */ = {
			isa = PBXFrameworksBuildPhase;
			buildActionMask = 2147483647;
			files = (
				E9B661751BF341292AD3D0B9 /* Pods_DevNewsUITests.framework in Frameworks */,
			);
			runOnlyForDeploymentPostprocessing = 0;
		};
/* End PBXFrameworksBuildPhase section */

/* Begin PBXGroup section */
		40FC2BD3202767210008290F = {
			isa = PBXGroup;
			children = (
				40FC2BDE202767210008290F /* DevNews */,
				40FC2BF3202767210008290F /* DevNewsUITests */,
				40FC2BDD202767210008290F /* Products */,
				96723A3B72B7F39D2AC8D136 /* Pods */,
				57CE2229BFC16239F12A65EC /* Frameworks */,
			);
			sourceTree = "<group>";
		};
		40FC2BDD202767210008290F /* Products */ = {
			isa = PBXGroup;
			children = (
				40FC2BDC202767210008290F /* DevNews.app */,
				40FC2BF0202767210008290F /* DevNewsUITests.xctest */,
			);
			name = Products;
			sourceTree = "<group>";
		};
		40FC2BDE202767210008290F /* DevNews */ = {
			isa = PBXGroup;
			children = (
				40FC2BDF202767210008290F /* AppDelegate.swift */,
				40FC2BE1202767210008290F /* ViewController.swift */,
				40FC2BE3202767210008290F /* Main.storyboard */,
				40258863202A77CA00C98B63 /* AddTopicViewController.swift */,
				407E3751202800600026429E /* DetailsViewController.swift */,
				40FC2C01202779860008290F /* MainViewController.swift */,
				406BB64E202910A8002504B1 /* SettingsCollectionViewCell.swift */,
				40FC2C032027973B0008290F /* ArticleCollectionViewCell.swift */,
				40FC2BFF202769BC0008290F /* GradientView.swift */,
				40FC2BE6202767210008290F /* Assets.xcassets */,
				40FC2BE8202767210008290F /* LaunchScreen.storyboard */,
				40FC2BEB202767210008290F /* Info.plist */,
			);
			path = DevNews;
			sourceTree = "<group>";
		};
		40FC2BF3202767210008290F /* DevNewsUITests */ = {
			isa = PBXGroup;
			children = (
				40FC2BF4202767210008290F /* DevNewsUITests.swift */,
				40FC2BF6202767210008290F /* Info.plist */,
			);
			path = DevNewsUITests;
			sourceTree = "<group>";
		};
		57CE2229BFC16239F12A65EC /* Frameworks */ = {
			isa = PBXGroup;
			children = (
				EBAF2CF81968315AA4FCF506 /* Pods_DevNews.framework */,
				4593598CDE34ECF2E7939235 /* Pods_DevNewsUITests.framework */,
			);
			name = Frameworks;
			sourceTree = "<group>";
		};
		96723A3B72B7F39D2AC8D136 /* Pods */ = {
			isa = PBXGroup;
			children = (
				BAD0C458EBA20F0889E55031 /* Pods-DevNews.debug.xcconfig */,
				87780BA8926F1E1CC566E6C9 /* Pods-DevNews.release.xcconfig */,
				7450016E950B9FA02DB7335B /* Pods-DevNewsUITests.debug.xcconfig */,
				E5F8753790E510AC6B024A21 /* Pods-DevNewsUITests.release.xcconfig */,
			);
			name = Pods;
			sourceTree = "<group>";
		};
/* End PBXGroup section */

/* Begin PBXNativeTarget section */
		40FC2BDB202767210008290F /* DevNews */ = {
			isa = PBXNativeTarget;
			buildConfigurationList = 40FC2BF9202767210008290F /* Build configuration list for PBXNativeTarget "DevNews" */;
			buildPhases = (
				B7E0C6CC9B128E34CC0584D1 /* [CP] Check Pods Manifest.lock */,
				40FC2BD8202767210008290F /* Sources */,
				40FC2BD9202767210008290F /* Frameworks */,
				40FC2BDA202767210008290F /* Resources */,
				635070944F9E2F46797C434A /* [CP] Embed Pods Frameworks */,
				171A2098A3DDB294EDFD6980 /* [CP] Copy Pods Resources */,
			);
			buildRules = (
			);
			dependencies = (
			);
			name = DevNews;
			productName = DevNews;
			productReference = 40FC2BDC202767210008290F /* DevNews.app */;
			productType = "com.apple.product-type.application";
		};
		40FC2BEF202767210008290F /* DevNewsUITests */ = {
			isa = PBXNativeTarget;
			buildConfigurationList = 40FC2BFC202767210008290F /* Build configuration list for PBXNativeTarget "DevNewsUITests" */;
			buildPhases = (
				6B06A91DFFB86852BD64DAB6 /* [CP] Check Pods Manifest.lock */,
				40FC2BEC202767210008290F /* Sources */,
				40FC2BED202767210008290F /* Frameworks */,
				40FC2BEE202767210008290F /* Resources */,
				A75A8D651F61E8061956355C /* [CP] Embed Pods Frameworks */,
				D15C77C2AAAB24A12CC0F4A2 /* [CP] Copy Pods Resources */,
			);
			buildRules = (
			);
			dependencies = (
				40FC2BF2202767210008290F /* PBXTargetDependency */,
			);
			name = DevNewsUITests;
			productName = DevNewsUITests;
			productReference = 40FC2BF0202767210008290F /* DevNewsUITests.xctest */;
			productType = "com.apple.product-type.bundle.ui-testing";
		};
/* End PBXNativeTarget section */

/* Begin PBXProject section */
		40FC2BD4202767210008290F /* Project object */ = {
			isa = PBXProject;
			attributes = {
				LastSwiftUpdateCheck = 0920;
				LastUpgradeCheck = 0920;
				ORGANIZATIONNAME = "Samuel Resendez";
				TargetAttributes = {
					40FC2BDB202767210008290F = {
						CreatedOnToolsVersion = 9.2;
						ProvisioningStyle = Automatic;
					};
					40FC2BEF202767210008290F = {
						CreatedOnToolsVersion = 9.2;
						ProvisioningStyle = Automatic;
						TestTargetID = 40FC2BDB202767210008290F;
					};
				};
			};
			buildConfigurationList = 40FC2BD7202767210008290F /* Build configuration list for PBXProject "DevNews" */;
			compatibilityVersion = "Xcode 8.0";
			developmentRegion = en;
			hasScannedForEncodings = 0;
			knownRegions = (
				en,
				Base,
			);
			mainGroup = 40FC2BD3202767210008290F;
			productRefGroup = 40FC2BDD202767210008290F /* Products */;
			projectDirPath = "";
			projectRoot = "";
			targets = (
				40FC2BDB202767210008290F /* DevNews */,
				40FC2BEF202767210008290F /* DevNewsUITests */,
			);
		};
/* End PBXProject section */

/* Begin PBXResourcesBuildPhase section */
		40FC2BDA202767210008290F /* Resources */ = {
			isa = PBXResourcesBuildPhase;
			buildActionMask = 2147483647;
			files = (
				40FC2BEA202767210008290F /* LaunchScreen.storyboard in Resources */,
				40FC2BE7202767210008290F /* Assets.xcassets in Resources */,
				40FC2BE5202767210008290F /* Main.storyboard in Resources */,
			);
			runOnlyForDeploymentPostprocessing = 0;
		};
		40FC2BEE202767210008290F /* Resources */ = {
			isa = PBXResourcesBuildPhase;
			buildActionMask = 2147483647;
			files = (
			);
			runOnlyForDeploymentPostprocessing = 0;
		};
/* End PBXResourcesBuildPhase section */

/* Begin PBXShellScriptBuildPhase section */
		171A2098A3DDB294EDFD6980 /* [CP] Copy Pods Resources */ = {
			isa = PBXShellScriptBuildPhase;
			buildActionMask = 2147483647;
			files = (
			);
			inputPaths = (
			);
			name = "[CP] Copy Pods Resources";
			outputPaths = (
			);
			runOnlyForDeploymentPostprocessing = 0;
			shellPath = /bin/sh;
			shellScript = "\"${SRCROOT}/Pods/Target Support Files/Pods-DevNews/Pods-DevNews-resources.sh\"\n";
			showEnvVarsInLog = 0;
		};
		635070944F9E2F46797C434A /* [CP] Embed Pods Frameworks */ = {
			isa = PBXShellScriptBuildPhase;
			buildActionMask = 2147483647;
			files = (
			);
			inputPaths = (
			);
			name = "[CP] Embed Pods Frameworks";
			outputPaths = (
			);
			runOnlyForDeploymentPostprocessing = 0;
			shellPath = /bin/sh;
			shellScript = "\"${SRCROOT}/Pods/Target Support Files/Pods-DevNews/Pods-DevNews-frameworks.sh\"\n";
			showEnvVarsInLog = 0;
		};
		6B06A91DFFB86852BD64DAB6 /* [CP] Check Pods Manifest.lock */ = {
			isa = PBXShellScriptBuildPhase;
			buildActionMask = 2147483647;
			files = (
			);
			inputPaths = (
			);
			name = "[CP] Check Pods Manifest.lock";
			outputPaths = (
			);
			runOnlyForDeploymentPostprocessing = 0;
			shellPath = /bin/sh;
			shellScript = "diff \"${PODS_PODFILE_DIR_PATH}/Podfile.lock\" \"${PODS_ROOT}/Manifest.lock\" > /dev/null\nif [ $? != 0 ] ; then\n    # print error to STDERR\n    echo \"error: The sandbox is not in sync with the Podfile.lock. Run 'pod install' or update your CocoaPods installation.\" >&2\n    exit 1\nfi\n";
			showEnvVarsInLog = 0;
		};
		A75A8D651F61E8061956355C /* [CP] Embed Pods Frameworks */ = {
			isa = PBXShellScriptBuildPhase;
			buildActionMask = 2147483647;
			files = (
			);
			inputPaths = (
			);
			name = "[CP] Embed Pods Frameworks";
			outputPaths = (
			);
			runOnlyForDeploymentPostprocessing = 0;
			shellPath = /bin/sh;
			shellScript = "\"${SRCROOT}/Pods/Target Support Files/Pods-DevNewsUITests/Pods-DevNewsUITests-frameworks.sh\"\n";
			showEnvVarsInLog = 0;
		};
		B7E0C6CC9B128E34CC0584D1 /* [CP] Check Pods Manifest.lock */ = {
			isa = PBXShellScriptBuildPhase;
			buildActionMask = 2147483647;
			files = (
			);
			inputPaths = (
			);
			name = "[CP] Check Pods Manifest.lock";
			outputPaths = (
			);
			runOnlyForDeploymentPostprocessing = 0;
			shellPath = /bin/sh;
			shellScript = "diff \"${PODS_PODFILE_DIR_PATH}/Podfile.lock\" \"${PODS_ROOT}/Manifest.lock\" > /dev/null\nif [ $? != 0 ] ; then\n    # print error to STDERR\n    echo \"error: The sandbox is not in sync with the Podfile.lock. Run 'pod install' or update your CocoaPods installation.\" >&2\n    exit 1\nfi\n";
			showEnvVarsInLog = 0;
		};
		D15C77C2AAAB24A12CC0F4A2 /* [CP] Copy Pods Resources */ = {
			isa = PBXShellScriptBuildPhase;
			buildActionMask = 2147483647;
			files = (
			);
			inputPaths = (
			);
			name = "[CP] Copy Pods Resources";
			outputPaths = (
			);
			runOnlyForDeploymentPostprocessing = 0;
			shellPath = /bin/sh;
			shellScript = "\"${SRCROOT}/Pods/Target Support Files/Pods-DevNewsUITests/Pods-DevNewsUITests-resources.sh\"\n";
			showEnvVarsInLog = 0;
		};
/* End PBXShellScriptBuildPhase section */

/* Begin PBXSourcesBuildPhase section */
		40FC2BD8202767210008290F /* Sources */ = {
			isa = PBXSourcesBuildPhase;
			buildActionMask = 2147483647;
			files = (
				40FC2BE2202767210008290F /* ViewController.swift in Sources */,
				40FC2BE0202767210008290F /* AppDelegate.swift in Sources */,
				40FC2C042027973B0008290F /* ArticleCollectionViewCell.swift in Sources */,
				40FC2C00202769BC0008290F /* GradientView.swift in Sources */,
				406BB64F202910A8002504B1 /* SettingsCollectionViewCell.swift in Sources */,
				40FC2C02202779860008290F /* MainViewController.swift in Sources */,
				40258864202A77CA00C98B63 /* AddTopicViewController.swift in Sources */,
				407E3752202800600026429E /* DetailsViewController.swift in Sources */,
			);
			runOnlyForDeploymentPostprocessing = 0;
		};
		40FC2BEC202767210008290F /* Sources */ = {
			isa = PBXSourcesBuildPhase;
			buildActionMask = 2147483647;
			files = (
				40FC2BF5202767210008290F /* DevNewsUITests.swift in Sources */,
			);
			runOnlyForDeploymentPostprocessing = 0;
		};
/* End PBXSourcesBuildPhase section */

/* Begin PBXTargetDependency section */
		40FC2BF2202767210008290F /* PBXTargetDependency */ = {
			isa = PBXTargetDependency;
			target = 40FC2BDB202767210008290F /* DevNews */;
			targetProxy = 40FC2BF1202767210008290F /* PBXContainerItemProxy */;
		};
/* End PBXTargetDependency section */

/* Begin PBXVariantGroup section */
		40FC2BE3202767210008290F /* Main.storyboard */ = {
			isa = PBXVariantGroup;
			children = (
				40FC2BE4202767210008290F /* Base */,
			);
			name = Main.storyboard;
			sourceTree = "<group>";
		};
		40FC2BE8202767210008290F /* LaunchScreen.storyboard */ = {
			isa = PBXVariantGroup;
			children = (
				40FC2BE9202767210008290F /* Base */,
			);
			name = LaunchScreen.storyboard;
			sourceTree = "<group>";
		};
/* End PBXVariantGroup section */

/* Begin XCBuildConfiguration section */
		40FC2BF7202767210008290F /* Debug */ = {
			isa = XCBuildConfiguration;
			buildSettings = {
				ALWAYS_SEARCH_USER_PATHS = NO;
				CLANG_ANALYZER_NONNULL = YES;
				CLANG_ANALYZER_NUMBER_OBJECT_CONVERSION = YES_AGGRESSIVE;
				CLANG_CXX_LANGUAGE_STANDARD = "gnu++14";
				CLANG_CXX_LIBRARY = "libc++";
				CLANG_ENABLE_MODULES = YES;
				CLANG_ENABLE_OBJC_ARC = YES;
				CLANG_WARN_BLOCK_CAPTURE_AUTORELEASING = YES;
				CLANG_WARN_BOOL_CONVERSION = YES;
				CLANG_WARN_COMMA = YES;
				CLANG_WARN_CONSTANT_CONVERSION = YES;
				CLANG_WARN_DIRECT_OBJC_ISA_USAGE = YES_ERROR;
				CLANG_WARN_DOCUMENTATION_COMMENTS = YES;
				CLANG_WARN_EMPTY_BODY = YES;
				CLANG_WARN_ENUM_CONVERSION = YES;
				CLANG_WARN_INFINITE_RECURSION = YES;
				CLANG_WARN_INT_CONVERSION = YES;
				CLANG_WARN_NON_LITERAL_NULL_CONVERSION = YES;
				CLANG_WARN_OBJC_LITERAL_CONVERSION = YES;
				CLANG_WARN_OBJC_ROOT_CLASS = YES_ERROR;
				CLANG_WARN_RANGE_LOOP_ANALYSIS = YES;
				CLANG_WARN_STRICT_PROTOTYPES = YES;
				CLANG_WARN_SUSPICIOUS_MOVE = YES;
				CLANG_WARN_UNGUARDED_AVAILABILITY = YES_AGGRESSIVE;
				CLANG_WARN_UNREACHABLE_CODE = YES;
				CLANG_WARN__DUPLICATE_METHOD_MATCH = YES;
				CODE_SIGN_IDENTITY = "iPhone Developer";
				COPY_PHASE_STRIP = NO;
				DEBUG_INFORMATION_FORMAT = dwarf;
				ENABLE_STRICT_OBJC_MSGSEND = YES;
				ENABLE_TESTABILITY = YES;
				GCC_C_LANGUAGE_STANDARD = gnu11;
				GCC_DYNAMIC_NO_PIC = NO;
				GCC_NO_COMMON_BLOCKS = YES;
				GCC_OPTIMIZATION_LEVEL = 0;
				GCC_PREPROCESSOR_DEFINITIONS = (
					"DEBUG=1",
					"$(inherited)",
				);
				GCC_WARN_64_TO_32_BIT_CONVERSION = YES;
				GCC_WARN_ABOUT_RETURN_TYPE = YES_ERROR;
				GCC_WARN_UNDECLARED_SELECTOR = YES;
				GCC_WARN_UNINITIALIZED_AUTOS = YES_AGGRESSIVE;
				GCC_WARN_UNUSED_FUNCTION = YES;
				GCC_WARN_UNUSED_VARIABLE = YES;
				IPHONEOS_DEPLOYMENT_TARGET = 11.2;
				MTL_ENABLE_DEBUG_INFO = YES;
				ONLY_ACTIVE_ARCH = YES;
				SDKROOT = iphoneos;
				SWIFT_ACTIVE_COMPILATION_CONDITIONS = DEBUG;
				SWIFT_OPTIMIZATION_LEVEL = "-Onone";
			};
			name = Debug;
		};
		40FC2BF8202767210008290F /* Release */ = {
			isa = XCBuildConfiguration;
			buildSettings = {
				ALWAYS_SEARCH_USER_PATHS = NO;
				CLANG_ANALYZER_NONNULL = YES;
				CLANG_ANALYZER_NUMBER_OBJECT_CONVERSION = YES_AGGRESSIVE;
				CLANG_CXX_LANGUAGE_STANDARD = "gnu++14";
				CLANG_CXX_LIBRARY = "libc++";
				CLANG_ENABLE_MODULES = YES;
				CLANG_ENABLE_OBJC_ARC = YES;
				CLANG_WARN_BLOCK_CAPTURE_AUTORELEASING = YES;
				CLANG_WARN_BOOL_CONVERSION = YES;
				CLANG_WARN_COMMA = YES;
				CLANG_WARN_CONSTANT_CONVERSION = YES;
				CLANG_WARN_DIRECT_OBJC_ISA_USAGE = YES_ERROR;
				CLANG_WARN_DOCUMENTATION_COMMENTS = YES;
				CLANG_WARN_EMPTY_BODY = YES;
				CLANG_WARN_ENUM_CONVERSION = YES;
				CLANG_WARN_INFINITE_RECURSION = YES;
				CLANG_WARN_INT_CONVERSION = YES;
				CLANG_WARN_NON_LITERAL_NULL_CONVERSION = YES;
				CLANG_WARN_OBJC_LITERAL_CONVERSION = YES;
				CLANG_WARN_OBJC_ROOT_CLASS = YES_ERROR;
				CLANG_WARN_RANGE_LOOP_ANALYSIS = YES;
				CLANG_WARN_STRICT_PROTOTYPES = YES;
				CLANG_WARN_SUSPICIOUS_MOVE = YES;
				CLANG_WARN_UNGUARDED_AVAILABILITY = YES_AGGRESSIVE;
				CLANG_WARN_UNREACHABLE_CODE = YES;
				CLANG_WARN__DUPLICATE_METHOD_MATCH = YES;
				CODE_SIGN_IDENTITY = "iPhone Developer";
				COPY_PHASE_STRIP = NO;
				DEBUG_INFORMATION_FORMAT = "dwarf-with-dsym";
				ENABLE_NS_ASSERTIONS = NO;
				ENABLE_STRICT_OBJC_MSGSEND = YES;
				GCC_C_LANGUAGE_STANDARD = gnu11;
				GCC_NO_COMMON_BLOCKS = YES;
				GCC_WARN_64_TO_32_BIT_CONVERSION = YES;
				GCC_WARN_ABOUT_RETURN_TYPE = YES_ERROR;
				GCC_WARN_UNDECLARED_SELECTOR = YES;
				GCC_WARN_UNINITIALIZED_AUTOS = YES_AGGRESSIVE;
				GCC_WARN_UNUSED_FUNCTION = YES;
				GCC_WARN_UNUSED_VARIABLE = YES;
				IPHONEOS_DEPLOYMENT_TARGET = 11.2;
				MTL_ENABLE_DEBUG_INFO = NO;
				SDKROOT = iphoneos;
				SWIFT_OPTIMIZATION_LEVEL = "-Owholemodule";
				VALIDATE_PRODUCT = YES;
			};
			name = Release;
		};
		40FC2BFA202767210008290F /* Debug */ = {
			isa = XCBuildConfiguration;
			baseConfigurationReference = BAD0C458EBA20F0889E55031 /* Pods-DevNews.debug.xcconfig */;
			buildSettings = {
				ASSETCATALOG_COMPILER_APPICON_NAME = AppIcon;
				CODE_SIGN_STYLE = Automatic;
				DEVELOPMENT_TEAM = NW4UWFTE46;
				INFOPLIST_FILE = DevNews/Info.plist;
				LD_RUNPATH_SEARCH_PATHS = "$(inherited) @executable_path/Frameworks";
				PRODUCT_BUNDLE_IDENTIFIER = com.SamResendez.DevNews;
				PRODUCT_NAME = "$(TARGET_NAME)";
				SWIFT_VERSION = 4.0;
				TARGETED_DEVICE_FAMILY = "1,2";
			};
			name = Debug;
		};
		40FC2BFB202767210008290F /* Release */ = {
			isa = XCBuildConfiguration;
			baseConfigurationReference = 87780BA8926F1E1CC566E6C9 /* Pods-DevNews.release.xcconfig */;
			buildSettings = {
				ASSETCATALOG_COMPILER_APPICON_NAME = AppIcon;
				CODE_SIGN_STYLE = Automatic;
				DEVELOPMENT_TEAM = NW4UWFTE46;
				INFOPLIST_FILE = DevNews/Info.plist;
				LD_RUNPATH_SEARCH_PATHS = "$(inherited) @executable_path/Frameworks";
				PRODUCT_BUNDLE_IDENTIFIER = com.SamResendez.DevNews;
				PRODUCT_NAME = "$(TARGET_NAME)";
				SWIFT_VERSION = 4.0;
				TARGETED_DEVICE_FAMILY = "1,2";
			};
			name = Release;
		};
		40FC2BFD202767210008290F /* Debug */ = {
			isa = XCBuildConfiguration;
			baseConfigurationReference = 7450016E950B9FA02DB7335B /* Pods-DevNewsUITests.debug.xcconfig */;
			buildSettings = {
				ALWAYS_EMBED_SWIFT_STANDARD_LIBRARIES = YES;
				CODE_SIGN_STYLE = Automatic;
				DEVELOPMENT_TEAM = NW4UWFTE46;
				INFOPLIST_FILE = DevNewsUITests/Info.plist;
				LD_RUNPATH_SEARCH_PATHS = "$(inherited) @executable_path/Frameworks @loader_path/Frameworks";
				PRODUCT_BUNDLE_IDENTIFIER = com.SamResendez.DevNewsUITests;
				PRODUCT_NAME = "$(TARGET_NAME)";
				SWIFT_VERSION = 4.0;
				TARGETED_DEVICE_FAMILY = "1,2";
				TEST_TARGET_NAME = DevNews;
			};
			name = Debug;
		};
		40FC2BFE202767210008290F /* Release */ = {
			isa = XCBuildConfiguration;
			baseConfigurationReference = E5F8753790E510AC6B024A21 /* Pods-DevNewsUITests.release.xcconfig */;
			buildSettings = {
				ALWAYS_EMBED_SWIFT_STANDARD_LIBRARIES = YES;
				CODE_SIGN_STYLE = Automatic;
				DEVELOPMENT_TEAM = NW4UWFTE46;
				INFOPLIST_FILE = DevNewsUITests/Info.plist;
				LD_RUNPATH_SEARCH_PATHS = "$(inherited) @executable_path/Frameworks @loader_path/Frameworks";
				PRODUCT_BUNDLE_IDENTIFIER = com.SamResendez.DevNewsUITests;
				PRODUCT_NAME = "$(TARGET_NAME)";
				SWIFT_VERSION = 4.0;
				TARGETED_DEVICE_FAMILY = "1,2";
				TEST_TARGET_NAME = DevNews;
			};
			name = Release;
		};
/* End XCBuildConfiguration section */

/* Begin XCConfigurationList section */
		40FC2BD7202767210008290F /* Build configuration list for PBXProject "DevNews" */ = {
			isa = XCConfigurationList;
			buildConfigurations = (
				40FC2BF7202767210008290F /* Debug */,
				40FC2BF8202767210008290F /* Release */,
			);
			defaultConfigurationIsVisible = 0;
			defaultConfigurationName = Release;
		};
		40FC2BF9202767210008290F /* Build configuration list for PBXNativeTarget "DevNews" */ = {
			isa = XCConfigurationList;
			buildConfigurations = (
				40FC2BFA202767210008290F /* Debug */,
				40FC2BFB202767210008290F /* Release */,
			);
			defaultConfigurationIsVisible = 0;
			defaultConfigurationName = Release;
		};
		40FC2BFC202767210008290F /* Build configuration list for PBXNativeTarget "DevNewsUITests" */ = {
			isa = XCConfigurationList;
			buildConfigurations = (
				40FC2BFD202767210008290F /* Debug */,
				40FC2BFE202767210008290F /* Release */,
			);
			defaultConfigurationIsVisible = 0;
			defaultConfigurationName = Release;
		};
/* End XCConfigurationList section */
	};
	rootObject = 40FC2BD4202767210008290F /* Project object */;
}
